
Microsoft Visual Studio Solution File, Format Version 12.00
# Visual Studio 2013
VisualStudioVersion = 12.0.40629.0
MinimumVisualStudioVersion = 10.0.40219.1
Project("{F2A71F9B-5D33-465A-A702-920D77279786}") = "ScrapeVSXCom", "ScrapeVSXCom\ScrapeVSXCom.fsproj", "{243DA6DE-EA76-4817-AD37-7503F7FE1775}"
EndProject
Project("{F2A71F9B-5D33-465A-A702-920D77279786}") = "Prelude", "Prelude\Prelude.fsproj", "{D9A6B554-394A-494E-B183-79CA74540A30}"
EndProject
Project("{2150E333-8FDC-42A3-9474-1A3956D46DE8}") = "Solution Items", "Solution Items", "{C92E30F7-8A9D-48EC-AF96-330BEAF78E2D}"
	ProjectSection(SolutionItems) = preProject
		README.md = README.md
	EndProjectSection
EndProject
Global
	GlobalSection(SolutionConfigurationPlatforms) = preSolution
		Debug|Any CPU = Debug|Any CPU
		Release|Any CPU = Release|Any CPU
	EndGlobalSection
	GlobalSection(ProjectConfigurationPlatforms) = postSolution
		{243DA6DE-EA76-4817-AD37-7503F7FE1775}.Debug|Any CPU.ActiveCfg = Debug|Any CPU
		{243DA6DE-EA76-4817-AD37-7503F7FE1775}.Debug|Any CPU.Build.0 = Debug|Any CPU
		{243DA6DE-EA76-4817-AD37-7503F7FE1775}.Release|Any CPU.ActiveCfg = Release|Any CPU
		{243DA6DE-EA76-4817-AD37-7503F7FE1775}.Release|Any CPU.Build.0 = Release|Any CPU
		{D9A6B554-394A-494E-B183-79CA74540A30}.Debug|Any CPU.ActiveCfg = Debug|Any CPU
		{D9A6B554-394A-494E-B183-79CA74540A30}.Debug|Any CPU.Build.0 = Debug|Any CPU
		{D9A6B554-394A-494E-B183-79CA74540A30}.Release|Any CPU.ActiveCfg = Release|Any CPU
		{D9A6B554-394A-494E-B183-79CA74540A30}.Release|Any CPU.Build.0 = Release|Any CPU
	EndGlobalSection
	GlobalSection(SolutionProperties) = preSolution
		HideSolutionNode = FALSE
	EndGlobalSection
EndGlobal
